{
  "name": "m3-root",
  "version": "1.0.0",
  "lockfileVersion": 3,
  "requires": true,
  "packages": {
    "": {
      "name": "m3-root",
      "version": "1.0.0",
      "workspaces": [
        "packages/a",
        "packages/b"
      ]
    },
    "node_modules/lodash": {
      "version": "4.17.10",
      "resolved": "https://registry.npmjs.org/lodash/-/lodash-4.17.10.tgz",
      "integrity": "sha512-UejweD1pDoXu+AD825lWwp4ZGtSwgnpZxb3JDViD7StjQz+Nb/6l093lx4OQ0foGWNRoc19mWy7BzL+UAK2iVg==",
      "license": "MIT"
    },
    "node_modules/m3-a": {
      "resolved": "packages/a",
      "link": true
    },
    "node_modules/m3-b": {
      "resolved": "packages/b",
      "link": true
    },
    "packages/a": {
      "name": "m3-a",
      "version": "1.0.0",
      "dependencies": {
        "m3-b": "*"
      }
    },
    "packages/b": {
      "name": "m3-b",
      "version": "1.0.0",
      "dependencies": {
        "lodash": "4.17.10"
      }
    }
  }
}
