{
    "_meta": {
        "hash": {
            "sha256": "eaf16cde71b138f8f670f734a99fbd06ad7f41ffc5e6e99839429c44f57e6059"
        },
        "pipfile-spec": 6,
        "requires": {
            "python_version": "3.11"
        },
        "sources": [
            {
                "name": "pypi",
                "url": "https://pypi.org/simple",
                "verify_ssl": true
            }
        ]
    },
    "default": {
        "numpy": {
            "hashes": [
                "sha256:03a8c78d01d9781b28a6989f6fa1bb2c4f2d51201cf99d3dd875df6fbd96b23b",
                "sha256:08beddf13648eb95f8d867350f6a018a4be2e5ad54c8d8caed89ebca558b2818",
                "sha256:1af303d6b2210eb850fcf03064d364652b7120803a0b872f5211f5234b399f20",
                "sha256:1dda2e7b4ec9dd512f84935c5f126c8bd8b9f2fc001e9f54af255e8c5f16b0e0",
                "sha256:2a02aba9ed12e4ac4eb3ea9421c420301a0c6460d9830d74a9df87efa4912010",
                "sha256:2e4ee3380d6de9c9ec04745830fd9e2eccb3e6cf790d39d7b98ffd19b0dd754a",
                "sha256:3373d5d70a5fe74a2c1bb6d2cfd9609ecf686d47a2d7b1d37a8f3b6bf6003aea",
                "sha256:47711010ad8555514b434df65f7d7b076bb8261df1ca9bb78f53d3b2db02e95c",
                "sha256:4c66707fabe114439db9068ee468c26bbdf909cac0fb58686a42a24de1760c71",
                "sha256:50193e430acfc1346175fcbdaa28ffec49947a06918b7b92130744e81e640110",
                "sha256:52b8b60467cd7dd1e9ed082188b4e6bb35aa5cdd01777621a1658910745b90be",
                "sha256:60dedbb91afcbfdc9bc0b1f3f402804070deed7392c23eb7a7f07fa857868e8a",
                "sha256:62b8e4b1e28009ef2846b4c7852046736bab361f7aeadeb6a5b89ebec3c7055a",
                "sha256:666dbfb6ec68962c033a450943ded891bed2d54e6755e35e5835d63f4f6931d5",
                "sha256:675d61ffbfa78604709862923189bad94014bef562cc35cf61d3a07bba02a7ed",
                "sha256:679b0076f67ecc0138fd2ede3a8fd196dddc2ad3254069bcb9faf9a79b1cebcd",
                "sha256:7349ab0fa0c429c82442a27a9673fc802ffdb7c7775fad780226cb234965e53c",
                "sha256:7ab55401287bfec946ced39700c053796e7cc0e3acbef09993a9ad2adba6ca6e",
                "sha256:7e50d0a0cc3189f9cb0aeb3a6a6af18c16f59f004b866cd2be1c14b36134a4a0",
                "sha256:95a7476c59002f2f6c590b9b7b998306fba6a5aa646b1e22ddfeaf8f78c3a29c",
                "sha256:96ff0b2ad353d8f990b63294c8986f1ec3cb19d749234014f4e7eb0112ceba5a",
                "sha256:9fad7dcb1aac3c7f0584a5a8133e3a43eeb2fe127f47e3632d43d677c66c102b",
                "sha256:9ff0f4f29c51e2803569d7a51c2304de5554655a60c5d776e35b4a41413830d0",
                "sha256:a354325ee03388678242a4d7ebcd08b5c727033fcff3b2f536aea978e15ee9e6",
                "sha256:a4abb4f9001ad2858e7ac189089c42178fcce737e4169dc61321660f1a96c7d2",
                "sha256:ab47dbe5cc8210f55aa58e4805fe224dac469cde56b9f731a4c098b91917159a",
                "sha256:afedb719a9dcfc7eaf2287b839d8198e06dcd4cb5d276a3df279231138e83d30",
                "sha256:b3ce300f3644fb06443ee2222c2201dd3a89ea6040541412b8fa189341847218",
                "sha256:b97fe8060236edf3662adfc2c633f56a08ae30560c56310562cb4f95500022d5",
                "sha256:bfe25acf8b437eb2a8b2d49d443800a5f18508cd811fea3181723922a8a82b07",
                "sha256:cd25bcecc4974d09257ffcd1f098ee778f7834c3ad767fe5db785be9a4aa9cb2",
                "sha256:d209d8969599b27ad20994c8e41936ee0964e6da07478d6c35016bc386b66ad4",
                "sha256:d5241e0a80d808d70546c697135da2c613f30e28251ff8307eb72ba696945764",
                "sha256:edd8b5fe47dab091176d21bb6de568acdd906d1887a4584a15a9a96a1dca06ef",
                "sha256:f870204a840a60da0b12273ef34f7051e98c3b5961b61b0c2c1be6dfd64fbcd3",
                "sha256:ffa75af20b44f8dba823498024771d5ac50620e6915abac414251bd971b4529f"
            ],
            "markers": "python_version >= '3.9'",
            "version": "==1.26.4"
        },
        "pandas": {
            "hashes": [
                "sha256:00028e6737c594feac3c2df15636d73ace46b8314d236100b57ed7e4b9ebe8d9",
                "sha256:0aa6e92e639da0d6e2017d9ccff563222f4eb31e4b2c3cf32a2a392fc3103c0d",
                "sha256:1ebfd771110b50055712b3b711b51bee5d50135429364d0498e1213a7adc2be8",
                "sha256:294d96cfaf28d688f30c918a765ea2ae2e0e71d3536754f4b6de0ea4a496d034",
                "sha256:3f06bda01a143020bad20f7a85dd5f4a1600112145f126bc9e3e42077c24ef34",
                "sha256:426dc0f1b187523c4db06f96fb5c8d1a845e259c99bda74f7de97bd8a3bb3139",
                "sha256:45d63d2a9b1b37fa6c84a68ba2422dc9ed018bdaa668c7f47566a01188ceeec1",
                "sha256:482d5076e1791777e1571f2e2d789e940dedd927325cc3cb6d0800c6304082f6",
                "sha256:6b728fb8deba8905b319f96447a27033969f3ea1fea09d07d296c9030ab2ed1d",
                "sha256:8a706cfe7955c4ca59af8c7a0517370eafbd98593155b48f10f9811da440248b",
                "sha256:8ea107e0be2aba1da619cc6ba3f999b2bfc9669a83554b1904ce3dd9507f0860",
                "sha256:ab5796839eb1fd62a39eec2916d3e979ec3130509930fea17fe6f81e18108f6a",
                "sha256:b0513a132a15977b4a5b89aabd304647919bc2169eac4c8536afb29c07c23540",
                "sha256:b7d852d16c270e4331f6f59b3e9aa23f935f5c4b0ed2d0bc77637a8890a5d092",
                "sha256:bd7d5f2f54f78164b3d7a40f33bf79a74cdee72c31affec86bfcabe7e0789821",
                "sha256:bdec823dc6ec53f7a6339a0e34c68b144a7a1fd28d80c260534c39c62c5bf8c9",
                "sha256:d2d3e7b00f703aea3945995ee63375c61b2e6aa5aa7871c5d622870e5e137623",
                "sha256:d65148b14788b3758daf57bf42725caa536575da2b64df9964c563b015230984",
                "sha256:d797591b6846b9db79e65dc2d0d48e61f7db8d10b2a9480b4e3faaddc421a171",
                "sha256:dc9bf7ade01143cddc0074aa6995edd05323974e6e40d9dbde081021ded8510e",
                "sha256:e9f17f2b6fc076b2a0078862547595d66244db0f41bf79fc5f64a5c4d635bead",
                "sha256:edbaf9e8d3a63a9276d707b4d25930a262341bca9874fcb22eff5e3da5394732",
                "sha256:f237e6ca6421265643608813ce9793610ad09b40154a3344a088159590469e46",
                "sha256:f69b0c9bb174a2342818d3e2778584e18c740d56857fc5cdb944ec8bbe4082cf",
                "sha256:fcb68203c833cc735321512e13861358079a96c174a61f5116a1de89c58c0ef7"
            ],
            "index": "pypi",
            "markers": "python_version >= '3.9'",
            "version": "==2.1.4"
        },
        "python-dateutil": {
            "hashes": [
                "sha256:37dd54208da7e1cd875388217d5e00ebd4179249f90fb72437e91a35459a0ad3",
                "sha256:a8b2bc7bffae282281c8140a97d3aa9c14da0b136dfe83f850eea9a5f7470427"
            ],
            "markers": "python_version >= '2.7' and python_version not in '3.0, 3.1, 3.2'",
            "version": "==2.9.0.post0"
        },
        "pytz": {
            "hashes": [
                "sha256:3378dde6a0c3d26719182142c56e60c7f9af7e968076f31aae569d72a0358ee1",
                "sha256:f2fd16142fda348286a75e1a524be810bb05d444e5a081f37f7affc635035f7a"
            ],
            "version": "==2026.1.post1"
        },
        "six": {
            "hashes": [
                "sha256:4721f391ed90541fddacab5acf947aa0d3dc7d27b2e1e8eda2be8970586c3274",
                "sha256:ff70335d468e7eb6ec65b95b99d3a2836546063f63acc5171de367e834932a81"
            ],
            "markers": "python_version >= '2.7' and python_version not in '3.0, 3.1, 3.2'",
            "version": "==1.17.0"
        },
        "sqlalchemy": {
            "hashes": [
                "sha256:0666031df46b9badba9bed00092a1ffa3aa063a5e68fa244acd9f08070e936d3",
                "sha256:0a8c6aa506893e25a04233bc721c6b6cf844bafd7250535abb56cb6cc1368884",
                "sha256:0e680527245895aba86afbd5bef6c316831c02aa988d1aad83c47ffe92655e74",
                "sha256:14aebfe28b99f24f8a4c1346c48bc3d63705b1f919a24c27471136d2f219f02d",
                "sha256:1e018aba8363adb0599e745af245306cb8c46b9ad0a6fc0a86745b6ff7d940fc",
                "sha256:227135ef1e48165f37590b8bfc44ed7ff4c074bf04dc8d6f8e7f1c14a94aa6ca",
                "sha256:31952bbc527d633b9479f5f81e8b9dfada00b91d6baba021a869095f1a97006d",
                "sha256:3e983fa42164577d073778d06d2cc5d020322425a509a08119bdcee70ad856bf",
                "sha256:42d0b0290a8fb0165ea2c2781ae66e95cca6e27a2fbe1016ff8db3112ac1e846",
                "sha256:42ede90148b73fe4ab4a089f3126b2cfae8cfefc955c8174d697bb46210c8306",
                "sha256:4895a63e2c271ffc7a81ea424b94060f7b3b03b4ea0cd58ab5bb676ed02f4221",
                "sha256:4af79c06825e2836de21439cb2a6ce22b2ca129bad74f359bddd173f39582bf5",
                "sha256:5f94aeb99f43729960638e7468d4688f6efccb837a858b34574e01143cf11f89",
                "sha256:616fe7bcff0a05098f64b4478b78ec2dfa03225c23734d83d6c169eb41a93e55",
                "sha256:62d9e964870ea5ade4bc870ac4004c456efe75fb50404c03c5fd61f8bc669a72",
                "sha256:638c2c0b6b4661a4fd264f6fb804eccd392745c5887f9317feb64bb7cb03b3ea",
                "sha256:63bfc3acc970776036f6d1d0e65faa7473be9f3135d37a463c5eba5efcdb24c8",
                "sha256:6463aa765cf02b9247e38b35853923edbf2f6fd1963df88706bc1d02410a5577",
                "sha256:64ac935a90bc479fee77f9463f298943b0e60005fe5de2aa654d9cdef46c54df",
                "sha256:683ef58ca8eea4747737a1c35c11372ffeb84578d3aab8f3e10b1d13d66f2bc4",
                "sha256:75eefe09e98043cff2fb8af9796e20747ae870c903dc61d41b0c2e55128f958d",
                "sha256:787af80107fb691934a01889ca8f82a44adedbf5ef3d6ad7d0f0b9ac557e0c34",
                "sha256:7c424983ab447dab126c39d3ce3be5bee95700783204a72549c3dceffe0fc8f4",
                "sha256:7e0dc9031baa46ad0dd5a269cb7a92a73284d1309228be1d5935dac8fb3cae24",
                "sha256:87a3d6b53c39cd173990de2f5f4b83431d534a74f0e2f88bd16eabb5667e65c6",
                "sha256:89a01238fcb9a8af118eaad3ffcc5dedaacbd429dc6fdc43fe430d3a941ff965",
                "sha256:9585b646ffb048c0250acc7dad92536591ffe35dba624bb8fd9b471e25212a35",
                "sha256:964971b52daab357d2c0875825e36584d58f536e920f2968df8d581054eada4b",
                "sha256:967c0b71156f793e6662dd839da54f884631755275ed71f1539c95bbada9aaab",
                "sha256:9ca922f305d67605668e93991aaf2c12239c78207bca3b891cd51a4515c72e22",
                "sha256:a86cb7063e2c9fb8e774f77fbf8475516d270a3e989da55fa05d08089d77f8c4",
                "sha256:aeb397de65a0a62f14c257f36a726945a7f7bb60253462e8602d9b97b5cbe204",
                "sha256:b41f5d65b54cdf4934ecede2f41b9c60c9f785620416e8e6c48349ab18643855",
                "sha256:bd45a5b6c68357578263d74daab6ff9439517f87da63442d244f9f23df56138d",
                "sha256:c14eba45983d2f48f7546bb32b47937ee2cafae353646295f0e99f35b14286ab",
                "sha256:c1bda93cbbe4aa2aa0aa8655c5aeda505cd219ff3e8da91d1d329e143e4aff69",
                "sha256:c4722f3bc3c1c2fcc3702dbe0016ba31148dd6efcd2a2fd33c1b4897c6a19693",
                "sha256:c80c38bd2ea35b97cbf7c21aeb129dcbebbf344ee01a7141016ab7b851464f8e",
                "sha256:cabafc7837b6cec61c0e1e5c6d14ef250b675fa9c3060ed8a7e38653bd732ff8",
                "sha256:cc1d21576f958c42d9aec68eba5c1a7d715e5fc07825a629015fe8e3b0657fb0",
                "sha256:d0f7fb0c7527c41fa6fcae2be537ac137f636a41b4c5a4c58914541e2f436b45",
                "sha256:d4041ad05b35f1f4da481f6b811b4af2f29e83af253bf37c3c4582b2c68934ab",
                "sha256:d5578e6863eeb998980c212a39106ea139bdc0b3f73291b96e27c929c90cd8e1",
                "sha256:e3b5036aa326dc2df50cba3c958e29b291a80f604b1afa4c8ce73e78e1c9f01d",
                "sha256:e599a51acf3cc4d31d1a0cf248d8f8d863b6386d2b6782c5074427ebb7803bda",
                "sha256:f3420d00d2cb42432c1d0e44540ae83185ccbbc67a6054dcc8ab5387add6620b",
                "sha256:f48ed89dd11c3c586f45e9eec1e437b355b3b6f6884ea4a4c3111a3358fd0c18",
                "sha256:f508ba8f89e0a5ecdfd3761f82dda2a3d7b678a626967608f4273e0dba8f07ac",
                "sha256:fd54601ef9cc455a0c61e5245f690c8a3ad67ddb03d3b91c361d076def0b4c60"
            ],
            "index": "pypi",
            "markers": "python_version >= '3.7'",
            "version": "==2.0.23"
        },
        "typing-extensions": {
            "hashes": [
                "sha256:0cea48d173cc12fa28ecabc3b837ea3cf6f38c6d1136f85cbaaf598984861466",
                "sha256:f0fa19c6845758ab08074a0cfa8b7aecb71c999ca73d62883bc25cc018c4e548"
            ],
            "markers": "python_version >= '3.9'",
            "version": "==4.15.0"
        },
        "tzdata": {
            "hashes": [
                "sha256:4b1d2be7ac37ceafd7327b961aa3a54e467efbdb563a23655fbfe0d39cfc42a9",
                "sha256:67658a1903c75917309e753fdc349ac0efd8c27db7a0cb406a25be4840f87f98"
            ],
            "markers": "python_version >= '2'",
            "version": "==2026.1"
        }
    },
    "develop": {
        "iniconfig": {
            "hashes": [
                "sha256:c76315c77db068650d49c5b56314774a7804df16fee4402c1f19d6d15d8c4730",
                "sha256:f631c04d2c48c52b84d0d0549c99ff3859c98df65b3101406327ecc7d53fbf12"
            ],
            "markers": "python_version >= '3.10'",
            "version": "==2.3.0"
        },
        "packaging": {
            "hashes": [
                "sha256:5d9c0669c6285e491e0ced2eee587eaf67b670d94a19e94e3984a481aba6802f",
                "sha256:f042152b681c4bfac5cae2742a55e103d27ab2ec0f3d88037136b6bfe7c9c5de"
            ],
            "markers": "python_version >= '3.8'",
            "version": "==26.1"
        },
        "pluggy": {
            "hashes": [
                "sha256:7dcc130b76258d33b90f61b658791dede3486c3e6bfb003ee5c9bfb396dd22f3",
                "sha256:e920276dd6813095e9377c0bc5566d94c932c33b27a3e3945d8389c374dd4746"
            ],
            "markers": "python_version >= '3.9'",
            "version": "==1.6.0"
        },
        "pygments": {
            "hashes": [
                "sha256:6757cd03768053ff99f3039c1a36d6c0aa0b263438fcab17520b30a303a82b5f",
                "sha256:81a9e26dd42fd28a23a2d169d86d7ac03b46e2f8b59ed4698fb4785f946d0176"
            ],
            "markers": "python_version >= '3.9'",
            "version": "==2.20.0"
        },
        "pytest": {
            "hashes": [
                "sha256:2c5efc453d45394fdd706ade797c0a81091eccd1d6e4bccfcd476e2b8e0ab5d9",
                "sha256:b86ada508af81d19edeb213c681b1d48246c1a91d304c6c81a427674c17eb91c"
            ],
            "index": "pypi",
            "markers": "python_version >= '3.10'",
            "version": "==9.0.3"
        }
    }
}
