{
  "name": "leak-root",
  "version": "1.0.0",
  "lockfileVersion": 3,
  "requires": true,
  "packages": {
    "": {
      "name": "leak-root",
      "version": "1.0.0",
      "workspaces": [
        "packages/safe-app",
        "packages/vuln-app"
      ]
    },
    "node_modules/dayjs": {
      "version": "1.11.10",
      "resolved": "https://registry.npmjs.org/dayjs/-/dayjs-1.11.10.tgz",
      "integrity": "sha512-vjAczensTgRcqDERK0SR2XMwsF/tSvnvlv6VcF2GIhg6Sx4yOIt/irsr1RDJsKiIyBzJDpCoXiWWq28MqH2cnQ==",
      "license": "MIT"
    },
    "node_modules/leak-safe-app": {
      "resolved": "packages/safe-app",
      "link": true
    },
    "node_modules/leak-vuln-app": {
      "resolved": "packages/vuln-app",
      "link": true
    },
    "node_modules/lodash": {
      "version": "4.17.10",
      "resolved": "https://registry.npmjs.org/lodash/-/lodash-4.17.10.tgz",
      "integrity": "sha512-UejweD1pDoXu+AD825lWwp4ZGtSwgnpZxb3JDViD7StjQz+Nb/6l093lx4OQ0foGWNRoc19mWy7BzL+UAK2iVg==",
      "license": "MIT"
    },
    "packages/safe-app": {
      "name": "leak-safe-app",
      "version": "1.0.0",
      "dependencies": {
        "dayjs": "1.11.10"
      }
    },
    "packages/vuln-app": {
      "name": "leak-vuln-app",
      "version": "1.0.0",
      "dependencies": {
        "lodash": "4.17.10"
      }
    }
  }
}
