{
  "name": "m6-root",
  "version": "1.0.0",
  "lockfileVersion": 3,
  "requires": true,
  "packages": {
    "": {
      "name": "m6-root",
      "version": "1.0.0",
      "workspaces": [
        "apps/*",
        "packages/**"
      ]
    },
    "apps/consumer": {
      "name": "m6-consumer",
      "version": "1.0.0",
      "dependencies": {
        "m6-shared-lib": "*"
      }
    },
    "apps/standalone": {
      "name": "m6-standalone",
      "version": "1.0.0",
      "dependencies": {
        "dayjs": "1.11.10"
      }
    },
    "node_modules/dayjs": {
      "version": "1.11.10",
      "resolved": "https://registry.npmjs.org/dayjs/-/dayjs-1.11.10.tgz",
      "integrity": "sha512-vjAczensTgRcqDERK0SR2XMwsF/tSvnvlv6VcF2GIhg6Sx4yOIt/irsr1RDJsKiIyBzJDpCoXiWWq28MqH2cnQ==",
      "license": "MIT"
    },
    "node_modules/lodash": {
      "version": "4.17.10",
      "resolved": "https://registry.npmjs.org/lodash/-/lodash-4.17.10.tgz",
      "integrity": "sha512-UejweD1pDoXu+AD825lWwp4ZGtSwgnpZxb3JDViD7StjQz+Nb/6l093lx4OQ0foGWNRoc19mWy7BzL+UAK2iVg==",
      "license": "MIT"
    },
    "node_modules/m6-consumer": {
      "resolved": "apps/consumer",
      "link": true
    },
    "node_modules/m6-shared-lib": {
      "resolved": "packages/group/shared-lib",
      "link": true
    },
    "node_modules/m6-standalone": {
      "resolved": "apps/standalone",
      "link": true
    },
    "packages/group/shared-lib": {
      "name": "m6-shared-lib",
      "version": "1.0.0",
      "dependencies": {
        "lodash": "4.17.10"
      }
    }
  }
}
